
Microsoft Visual Studio Solution File, Format Version 11.00
# Visual Studio 2010
Project("{FAE04EC0-301F-11D3-BF4B-00C04F79EFBC}") = "DuplexService", "DuplexService\DuplexService.csproj", "{4384ACFD-F0A5-466D-B712-97EC39FD0D52}"
EndProject
Project("{FAE04EC0-301F-11D3-BF4B-00C04F79EFBC}") = "DuplexHost", "DuplexHost\DuplexHost.csproj", "{F3CF8DB9-C6A7-41D2-A691-0BE1DB47A17F}"
EndProject
Project("{FAE04EC0-301F-11D3-BF4B-00C04F79EFBC}") = "DuplexClient", "DuplexClient\DuplexClient.csproj", "{DF6103EF-5AB0-41C5-9D06-C9340DBA3571}"
EndProject
Global
	GlobalSection(SolutionConfigurationPlatforms) = preSolution
		Debug|Any CPU = Debug|Any CPU
		Debug|Mixed Platforms = Debug|Mixed Platforms
		Debug|x86 = Debug|x86
		Release|Any CPU = Release|Any CPU
		Release|Mixed Platforms = Release|Mixed Platforms
		Release|x86 = Release|x86
	EndGlobalSection
	GlobalSection(ProjectConfigurationPlatforms) = postSolution
		{4384ACFD-F0A5-466D-B712-97EC39FD0D52}.Debug|Any CPU.ActiveCfg = Debug|Any CPU
		{4384ACFD-F0A5-466D-B712-97EC39FD0D52}.Debug|Any CPU.Build.0 = Debug|Any CPU
		{4384ACFD-F0A5-466D-B712-97EC39FD0D52}.Debug|Mixed Platforms.ActiveCfg = Debug|Any CPU
		{4384ACFD-F0A5-466D-B712-97EC39FD0D52}.Debug|Mixed Platforms.Build.0 = Debug|Any CPU
		{4384ACFD-F0A5-466D-B712-97EC39FD0D52}.Debug|x86.ActiveCfg = Debug|Any CPU
		{4384ACFD-F0A5-466D-B712-97EC39FD0D52}.Release|Any CPU.ActiveCfg = Release|Any CPU
		{4384ACFD-F0A5-466D-B712-97EC39FD0D52}.Release|Any CPU.Build.0 = Release|Any CPU
		{4384ACFD-F0A5-466D-B712-97EC39FD0D52}.Release|Mixed Platforms.ActiveCfg = Release|Any CPU
		{4384ACFD-F0A5-466D-B712-97EC39FD0D52}.Release|Mixed Platforms.Build.0 = Release|Any CPU
		{4384ACFD-F0A5-466D-B712-97EC39FD0D52}.Release|x86.ActiveCfg = Release|Any CPU
		{F3CF8DB9-C6A7-41D2-A691-0BE1DB47A17F}.Debug|Any CPU.ActiveCfg = Debug|x86
		{F3CF8DB9-C6A7-41D2-A691-0BE1DB47A17F}.Debug|Mixed Platforms.ActiveCfg = Debug|x86
		{F3CF8DB9-C6A7-41D2-A691-0BE1DB47A17F}.Debug|Mixed Platforms.Build.0 = Debug|x86
		{F3CF8DB9-C6A7-41D2-A691-0BE1DB47A17F}.Debug|x86.ActiveCfg = Debug|x86
		{F3CF8DB9-C6A7-41D2-A691-0BE1DB47A17F}.Debug|x86.Build.0 = Debug|x86
		{F3CF8DB9-C6A7-41D2-A691-0BE1DB47A17F}.Release|Any CPU.ActiveCfg = Release|x86
		{F3CF8DB9-C6A7-41D2-A691-0BE1DB47A17F}.Release|Mixed Platforms.ActiveCfg = Release|x86
		{F3CF8DB9-C6A7-41D2-A691-0BE1DB47A17F}.Release|Mixed Platforms.Build.0 = Release|x86
		{F3CF8DB9-C6A7-41D2-A691-0BE1DB47A17F}.Release|x86.ActiveCfg = Release|x86
		{F3CF8DB9-C6A7-41D2-A691-0BE1DB47A17F}.Release|x86.Build.0 = Release|x86
		{DF6103EF-5AB0-41C5-9D06-C9340DBA3571}.Debug|Any CPU.ActiveCfg = Debug|x86
		{DF6103EF-5AB0-41C5-9D06-C9340DBA3571}.Debug|Mixed Platforms.ActiveCfg = Debug|x86
		{DF6103EF-5AB0-41C5-9D06-C9340DBA3571}.Debug|Mixed Platforms.Build.0 = Debug|x86
		{DF6103EF-5AB0-41C5-9D06-C9340DBA3571}.Debug|x86.ActiveCfg = Debug|x86
		{DF6103EF-5AB0-41C5-9D06-C9340DBA3571}.Debug|x86.Build.0 = Debug|x86
		{DF6103EF-5AB0-41C5-9D06-C9340DBA3571}.Release|Any CPU.ActiveCfg = Release|x86
		{DF6103EF-5AB0-41C5-9D06-C9340DBA3571}.Release|Mixed Platforms.ActiveCfg = Release|x86
		{DF6103EF-5AB0-41C5-9D06-C9340DBA3571}.Release|Mixed Platforms.Build.0 = Release|x86
		{DF6103EF-5AB0-41C5-9D06-C9340DBA3571}.Release|x86.ActiveCfg = Release|x86
		{DF6103EF-5AB0-41C5-9D06-C9340DBA3571}.Release|x86.Build.0 = Release|x86
	EndGlobalSection
	GlobalSection(SolutionProperties) = preSolution
		HideSolutionNode = FALSE
	EndGlobalSection
EndGlobal
