
Microsoft Visual Studio Solution File, Format Version 9.00
# Visual Studio 2005
Project("{FAE04EC0-301F-11D3-BF4B-00C04F79EFBC}") = "ErrorHandling", "ErrorHandling.csproj", "{0B7FF2AA-0172-4EA8-84AD-CF04B9456715}"
EndProject
Project("{FAE04EC0-301F-11D3-BF4B-00C04F79EFBC}") = "GlobalHandler", "GlobalHandler.csproj", "{922175B2-DF7D-4C57-B513-4FE9767F5CF4}"
EndProject
Global
	GlobalSection(SolutionConfigurationPlatforms) = preSolution
		Debug|Any CPU = Debug|Any CPU
		Release|Any CPU = Release|Any CPU
	EndGlobalSection
	GlobalSection(ProjectConfigurationPlatforms) = postSolution
		{0B7FF2AA-0172-4EA8-84AD-CF04B9456715}.Debug|Any CPU.ActiveCfg = Debug|Any CPU
		{0B7FF2AA-0172-4EA8-84AD-CF04B9456715}.Debug|Any CPU.Build.0 = Debug|Any CPU
		{0B7FF2AA-0172-4EA8-84AD-CF04B9456715}.Release|Any CPU.ActiveCfg = Debug|Any CPU
		{0B7FF2AA-0172-4EA8-84AD-CF04B9456715}.Release|Any CPU.Build.0 = Debug|Any CPU
		{922175B2-DF7D-4C57-B513-4FE9767F5CF4}.Debug|Any CPU.ActiveCfg = Debug|Any CPU
		{922175B2-DF7D-4C57-B513-4FE9767F5CF4}.Debug|Any CPU.Build.0 = Debug|Any CPU
		{922175B2-DF7D-4C57-B513-4FE9767F5CF4}.Release|Any CPU.ActiveCfg = Release|Any CPU
		{922175B2-DF7D-4C57-B513-4FE9767F5CF4}.Release|Any CPU.Build.0 = Release|Any CPU
	EndGlobalSection
	GlobalSection(SolutionProperties) = preSolution
		HideSolutionNode = FALSE
	EndGlobalSection
EndGlobal
