Microsoft Visual Studio Solution File, Format Version 7.00
Project("{FAE04EC0-301F-11D3-BF4B-00C04F79EFBC}") = "PurchaseOrder", "PurchaseOrder.csproj", "{79290362-DE51-43F9-A650-365CB8C33D40}"
	ProjectSection(ProjectDependencies) = postProject
	EndProjectSection
	ProjectSection(SolutionConfiguration) = postProject
		Debug.ActiveCfg = Debug|.NET
		Debug.Build.0 = Debug|.NET
		Release.ActiveCfg = Release|.NET
		Release.Build.0 = Release|.NET
	EndProjectSection
EndProject
Project("{FAE04EC0-301F-11D3-BF4B-00C04F79EFBC}") = "POTest", "..\POTest\POTest.csproj", "{E6E89518-F04A-42F5-B3C4-2F91D8CDCC49}"
	ProjectSection(ProjectDependencies) = postProject
	EndProjectSection
	ProjectSection(SolutionConfiguration) = postProject
		Debug.ActiveCfg = Debug|.NET
		Debug.Build.0 = Debug|.NET
		Release.ActiveCfg = Release|.NET
		Release.Build.0 = Release|.NET
	EndProjectSection
EndProject
Global
	GlobalSection(SolutionConfiguration) = preSolution
		ConfigName.0 = Release
		ConfigName.1 = Debug
		DoSign = FALSE
	EndGlobalSection
	GlobalSection(ExtensibilityGlobals) = postSolution
	EndGlobalSection
	GlobalSection(ExtensibilityAddIns) = postSolution
	EndGlobalSection
EndGlobal
