
Microsoft Visual Studio Solution File, Format Version 9.00
# Visual Studio 2005
Project("{FAE04EC0-301F-11D3-BF4B-00C04F79EFBC}") = "CustomBinding", "CustomBinding.csproj", "{F2B569A1-3CDA-4758-8125-03B10F0DF908}"
EndProject
Global
	GlobalSection(SolutionConfigurationPlatforms) = preSolution
		Debug|Any CPU = Debug|Any CPU
		Release|Any CPU = Release|Any CPU
	EndGlobalSection
	GlobalSection(ProjectConfigurationPlatforms) = postSolution
		{F2B569A1-3CDA-4758-8125-03B10F0DF908}.Debug|Any CPU.ActiveCfg = Debug|Any CPU
		{F2B569A1-3CDA-4758-8125-03B10F0DF908}.Debug|Any CPU.Build.0 = Debug|Any CPU
		{F2B569A1-3CDA-4758-8125-03B10F0DF908}.Release|Any CPU.ActiveCfg = Release|Any CPU
		{F2B569A1-3CDA-4758-8125-03B10F0DF908}.Release|Any CPU.Build.0 = Release|Any CPU
	EndGlobalSection
	GlobalSection(SolutionProperties) = preSolution
		HideSolutionNode = FALSE
	EndGlobalSection
EndGlobal
