
Microsoft Visual Studio Solution File, Format Version 11.00
# Visual Studio 2010
Project("{FAE04EC0-301F-11D3-BF4B-00C04F79EFBC}") = "AnnouncingSubscriber", "AnnouncingSubscriber\AnnouncingSubscriber.csproj", "{799FD381-86CE-40F9-828F-C47BD639C7E3}"
EndProject
Project("{FAE04EC0-301F-11D3-BF4B-00C04F79EFBC}") = "Publisher", "Publisher\Publisher.csproj", "{F86BF909-06ED-4B1F-8B2A-4C5EA9C8462D}"
EndProject
Project("{FAE04EC0-301F-11D3-BF4B-00C04F79EFBC}") = "DiscoveredSubscriber", "DiscoveredSubscriber\DiscoveredSubscriber.csproj", "{F8E6D1CA-7B1E-4FA2-B6A3-6FE6A536E8F5}"
EndProject
Project("{FAE04EC0-301F-11D3-BF4B-00C04F79EFBC}") = "PublishSubscribeService", "PublishSubscribeService\PublishSubscribeService.csproj", "{5E92A20E-9778-4B29-BF83-C900EF6678A8}"
EndProject
Project("{FAE04EC0-301F-11D3-BF4B-00C04F79EFBC}") = "ServiceModelEx", "..\ServiceModelEx\ServiceModelEx.csproj", "{0858C710-AF53-4049-B98E-CFE3638D1228}"
EndProject
Global
	GlobalSection(SolutionConfigurationPlatforms) = preSolution
		Debug|Any CPU = Debug|Any CPU
		Design|Any CPU = Design|Any CPU
		Release|Any CPU = Release|Any CPU
	EndGlobalSection
	GlobalSection(ProjectConfigurationPlatforms) = postSolution
		{799FD381-86CE-40F9-828F-C47BD639C7E3}.Debug|Any CPU.ActiveCfg = Debug|Any CPU
		{799FD381-86CE-40F9-828F-C47BD639C7E3}.Debug|Any CPU.Build.0 = Debug|Any CPU
		{799FD381-86CE-40F9-828F-C47BD639C7E3}.Design|Any CPU.ActiveCfg = Debug|Any CPU
		{799FD381-86CE-40F9-828F-C47BD639C7E3}.Design|Any CPU.Build.0 = Debug|Any CPU
		{799FD381-86CE-40F9-828F-C47BD639C7E3}.Release|Any CPU.ActiveCfg = Release|Any CPU
		{799FD381-86CE-40F9-828F-C47BD639C7E3}.Release|Any CPU.Build.0 = Release|Any CPU
		{F86BF909-06ED-4B1F-8B2A-4C5EA9C8462D}.Debug|Any CPU.ActiveCfg = Debug|Any CPU
		{F86BF909-06ED-4B1F-8B2A-4C5EA9C8462D}.Debug|Any CPU.Build.0 = Debug|Any CPU
		{F86BF909-06ED-4B1F-8B2A-4C5EA9C8462D}.Design|Any CPU.ActiveCfg = Debug|Any CPU
		{F86BF909-06ED-4B1F-8B2A-4C5EA9C8462D}.Design|Any CPU.Build.0 = Debug|Any CPU
		{F86BF909-06ED-4B1F-8B2A-4C5EA9C8462D}.Release|Any CPU.ActiveCfg = Release|Any CPU
		{F86BF909-06ED-4B1F-8B2A-4C5EA9C8462D}.Release|Any CPU.Build.0 = Release|Any CPU
		{F8E6D1CA-7B1E-4FA2-B6A3-6FE6A536E8F5}.Debug|Any CPU.ActiveCfg = Debug|Any CPU
		{F8E6D1CA-7B1E-4FA2-B6A3-6FE6A536E8F5}.Debug|Any CPU.Build.0 = Debug|Any CPU
		{F8E6D1CA-7B1E-4FA2-B6A3-6FE6A536E8F5}.Design|Any CPU.ActiveCfg = Debug|Any CPU
		{F8E6D1CA-7B1E-4FA2-B6A3-6FE6A536E8F5}.Design|Any CPU.Build.0 = Debug|Any CPU
		{F8E6D1CA-7B1E-4FA2-B6A3-6FE6A536E8F5}.Release|Any CPU.ActiveCfg = Release|Any CPU
		{F8E6D1CA-7B1E-4FA2-B6A3-6FE6A536E8F5}.Release|Any CPU.Build.0 = Release|Any CPU
		{5E92A20E-9778-4B29-BF83-C900EF6678A8}.Debug|Any CPU.ActiveCfg = Debug|Any CPU
		{5E92A20E-9778-4B29-BF83-C900EF6678A8}.Debug|Any CPU.Build.0 = Debug|Any CPU
		{5E92A20E-9778-4B29-BF83-C900EF6678A8}.Design|Any CPU.ActiveCfg = Debug|Any CPU
		{5E92A20E-9778-4B29-BF83-C900EF6678A8}.Design|Any CPU.Build.0 = Debug|Any CPU
		{5E92A20E-9778-4B29-BF83-C900EF6678A8}.Release|Any CPU.ActiveCfg = Release|Any CPU
		{5E92A20E-9778-4B29-BF83-C900EF6678A8}.Release|Any CPU.Build.0 = Release|Any CPU
		{0858C710-AF53-4049-B98E-CFE3638D1228}.Debug|Any CPU.ActiveCfg = Debug|Any CPU
		{0858C710-AF53-4049-B98E-CFE3638D1228}.Debug|Any CPU.Build.0 = Debug|Any CPU
		{0858C710-AF53-4049-B98E-CFE3638D1228}.Design|Any CPU.ActiveCfg = Design|Any CPU
		{0858C710-AF53-4049-B98E-CFE3638D1228}.Design|Any CPU.Build.0 = Design|Any CPU
		{0858C710-AF53-4049-B98E-CFE3638D1228}.Release|Any CPU.ActiveCfg = Release|Any CPU
		{0858C710-AF53-4049-B98E-CFE3638D1228}.Release|Any CPU.Build.0 = Release|Any CPU
	EndGlobalSection
	GlobalSection(SolutionProperties) = preSolution
		HideSolutionNode = FALSE
	EndGlobalSection
EndGlobal
