
Microsoft Visual Studio Solution File, Format Version 9.00
# Visual Studio 2005
Project("{FAE04EC0-301F-11D3-BF4B-00C04F79EFBC}") = "DoubleBuffering", "DoubleBuffering\DoubleBuffering.csproj", "{89B4A701-8146-42C2-AD0C-4A06D58F5210}"
EndProject
Global
	GlobalSection(SolutionConfigurationPlatforms) = preSolution
		Debug|Any CPU = Debug|Any CPU
		Release|Any CPU = Release|Any CPU
	EndGlobalSection
	GlobalSection(ProjectConfigurationPlatforms) = postSolution
		{89B4A701-8146-42C2-AD0C-4A06D58F5210}.Debug|Any CPU.ActiveCfg = Debug|Any CPU
		{89B4A701-8146-42C2-AD0C-4A06D58F5210}.Debug|Any CPU.Build.0 = Debug|Any CPU
		{89B4A701-8146-42C2-AD0C-4A06D58F5210}.Release|Any CPU.ActiveCfg = Release|Any CPU
		{89B4A701-8146-42C2-AD0C-4A06D58F5210}.Release|Any CPU.Build.0 = Release|Any CPU
	EndGlobalSection
	GlobalSection(SolutionProperties) = preSolution
		HideSolutionNode = FALSE
	EndGlobalSection
EndGlobal
