
Microsoft Visual Studio Solution File, Format Version 12.00
# Visual Studio 2013
VisualStudioVersion = 12.0.31101.0
MinimumVisualStudioVersion = 10.0.40219.1
Project("{FAE04EC0-301F-11D3-BF4B-00C04F79EFBC}") = "TptDbFirstSample", "TptDbFirstSample.csproj", "{32052F22-9A5F-4E16-9ED0-02210881C810}"
EndProject
Project("{FAE04EC0-301F-11D3-BF4B-00C04F79EFBC}") = "SchoolDataAccessComponents", "..\SchoolDataAccessComponents\SchoolDataAccessComponents.csproj", "{A75A011C-511D-4D36-A9D8-71FA63935DE5}"
EndProject
Project("{00D1A9C2-B5F0-4AF3-8072-F6C62B433612}") = "School", "..\..\70-516\School\School.sqlproj", "{121B7C2C-A9BB-4476-9212-14D850E81D97}"
EndProject
Global
	GlobalSection(SolutionConfigurationPlatforms) = preSolution
		Debug|Any CPU = Debug|Any CPU
		Release|Any CPU = Release|Any CPU
	EndGlobalSection
	GlobalSection(ProjectConfigurationPlatforms) = postSolution
		{32052F22-9A5F-4E16-9ED0-02210881C810}.Debug|Any CPU.ActiveCfg = Debug|Any CPU
		{32052F22-9A5F-4E16-9ED0-02210881C810}.Debug|Any CPU.Build.0 = Debug|Any CPU
		{32052F22-9A5F-4E16-9ED0-02210881C810}.Release|Any CPU.ActiveCfg = Release|Any CPU
		{32052F22-9A5F-4E16-9ED0-02210881C810}.Release|Any CPU.Build.0 = Release|Any CPU
		{A75A011C-511D-4D36-A9D8-71FA63935DE5}.Debug|Any CPU.ActiveCfg = Debug|Any CPU
		{A75A011C-511D-4D36-A9D8-71FA63935DE5}.Debug|Any CPU.Build.0 = Debug|Any CPU
		{A75A011C-511D-4D36-A9D8-71FA63935DE5}.Release|Any CPU.ActiveCfg = Release|Any CPU
		{A75A011C-511D-4D36-A9D8-71FA63935DE5}.Release|Any CPU.Build.0 = Release|Any CPU
		{121B7C2C-A9BB-4476-9212-14D850E81D97}.Debug|Any CPU.ActiveCfg = Debug|Any CPU
		{121B7C2C-A9BB-4476-9212-14D850E81D97}.Debug|Any CPU.Build.0 = Debug|Any CPU
		{121B7C2C-A9BB-4476-9212-14D850E81D97}.Release|Any CPU.ActiveCfg = Release|Any CPU
		{121B7C2C-A9BB-4476-9212-14D850E81D97}.Release|Any CPU.Build.0 = Release|Any CPU
		{121B7C2C-A9BB-4476-9212-14D850E81D97}.Release|Any CPU.Deploy.0 = Release|Any CPU
	EndGlobalSection
	GlobalSection(SolutionProperties) = preSolution
		HideSolutionNode = FALSE
	EndGlobalSection
EndGlobal
