
Microsoft Visual Studio Solution File, Format Version 9.00
# Visual Studio 2005
Project("{FAE04EC0-301F-11D3-BF4B-00C04F79EFBC}") = "ListDrivers", "ListDrivers.csproj", "{AEF3EF13-AE90-4F92-8EF6-6F53C15649AE}"
EndProject
Global
	GlobalSection(SolutionConfigurationPlatforms) = preSolution
		Debug|Any CPU = Debug|Any CPU
		Release|Any CPU = Release|Any CPU
	EndGlobalSection
	GlobalSection(ProjectConfigurationPlatforms) = postSolution
		{AEF3EF13-AE90-4F92-8EF6-6F53C15649AE}.Debug|Any CPU.ActiveCfg = Debug|Any CPU
		{AEF3EF13-AE90-4F92-8EF6-6F53C15649AE}.Debug|Any CPU.Build.0 = Debug|Any CPU
		{AEF3EF13-AE90-4F92-8EF6-6F53C15649AE}.Release|Any CPU.ActiveCfg = Release|Any CPU
		{AEF3EF13-AE90-4F92-8EF6-6F53C15649AE}.Release|Any CPU.Build.0 = Release|Any CPU
	EndGlobalSection
	GlobalSection(SolutionProperties) = preSolution
		HideSolutionNode = FALSE
	EndGlobalSection
EndGlobal
