
Microsoft Visual Studio Solution File, Format Version 9.00
# Visual Studio 2005
Project("{FAE04EC0-301F-11D3-BF4B-00C04F79EFBC}") = "PowerThreading", "PowerThreading.csproj", "{40ED8F02-1927-4A0A-9102-3A9A6ABB2FFA}"
EndProject
Global
	GlobalSection(SolutionConfigurationPlatforms) = preSolution
		Debug|Any CPU = Debug|Any CPU
		Release|Any CPU = Release|Any CPU
	EndGlobalSection
	GlobalSection(ProjectConfigurationPlatforms) = postSolution
		{40ED8F02-1927-4A0A-9102-3A9A6ABB2FFA}.Debug|Any CPU.ActiveCfg = Debug|Any CPU
		{40ED8F02-1927-4A0A-9102-3A9A6ABB2FFA}.Debug|Any CPU.Build.0 = Debug|Any CPU
		{40ED8F02-1927-4A0A-9102-3A9A6ABB2FFA}.Release|Any CPU.ActiveCfg = Release|Any CPU
		{40ED8F02-1927-4A0A-9102-3A9A6ABB2FFA}.Release|Any CPU.Build.0 = Release|Any CPU
	EndGlobalSection
	GlobalSection(SolutionProperties) = preSolution
		HideSolutionNode = FALSE
	EndGlobalSection
EndGlobal
