
Microsoft Visual Studio Solution File, Format Version 9.00
# Visual Studio 2005
Project("{FAE04EC0-301F-11D3-BF4B-00C04F79EFBC}") = "SecHostApp", "SecHostApp\SecHostApp.csproj", "{5AD1C67A-71AF-4062-A46B-BEBFAA163C53}"
	ProjectSection(ProjectDependencies) = postProject
		{6A79162B-55F2-4491-9C6F-5D58546A8FF4} = {6A79162B-55F2-4491-9C6F-5D58546A8FF4}
	EndProjectSection
EndProject
Project("{FAE04EC0-301F-11D3-BF4B-00C04F79EFBC}") = "SecureModule", "SecureModule\SecureModule.csproj", "{6A79162B-55F2-4491-9C6F-5D58546A8FF4}"
EndProject
Global
	GlobalSection(SolutionConfigurationPlatforms) = preSolution
		Debug|Any CPU = Debug|Any CPU
		Release|Any CPU = Release|Any CPU
	EndGlobalSection
	GlobalSection(ProjectConfigurationPlatforms) = postSolution
		{5AD1C67A-71AF-4062-A46B-BEBFAA163C53}.Debug|Any CPU.ActiveCfg = Debug|Any CPU
		{5AD1C67A-71AF-4062-A46B-BEBFAA163C53}.Debug|Any CPU.Build.0 = Debug|Any CPU
		{5AD1C67A-71AF-4062-A46B-BEBFAA163C53}.Release|Any CPU.ActiveCfg = Release|Any CPU
		{5AD1C67A-71AF-4062-A46B-BEBFAA163C53}.Release|Any CPU.Build.0 = Release|Any CPU
		{6A79162B-55F2-4491-9C6F-5D58546A8FF4}.Debug|Any CPU.ActiveCfg = Debug|Any CPU
		{6A79162B-55F2-4491-9C6F-5D58546A8FF4}.Debug|Any CPU.Build.0 = Debug|Any CPU
		{6A79162B-55F2-4491-9C6F-5D58546A8FF4}.Release|Any CPU.ActiveCfg = Release|Any CPU
		{6A79162B-55F2-4491-9C6F-5D58546A8FF4}.Release|Any CPU.Build.0 = Release|Any CPU
	EndGlobalSection
	GlobalSection(SolutionProperties) = preSolution
		HideSolutionNode = FALSE
	EndGlobalSection
EndGlobal
