
Microsoft Visual Studio Solution File, Format Version 9.00
# Visual Studio 2005
Project("{FAE04EC0-301F-11D3-BF4B-00C04F79EFBC}") = "Server", "Server\Server.csproj", "{B30CC618-85F8-4A63-B1F1-75DEA2DC9EF3}"
EndProject
Project("{FAE04EC0-301F-11D3-BF4B-00C04F79EFBC}") = "Client", "Client\Client.csproj", "{6233D5AB-2730-469A-9C0B-34F32E563160}"
EndProject
Global
	GlobalSection(SolutionConfigurationPlatforms) = preSolution
		Debug|Any CPU = Debug|Any CPU
		Release|Any CPU = Release|Any CPU
	EndGlobalSection
	GlobalSection(ProjectConfigurationPlatforms) = postSolution
		{B30CC618-85F8-4A63-B1F1-75DEA2DC9EF3}.Debug|Any CPU.ActiveCfg = Debug|Any CPU
		{B30CC618-85F8-4A63-B1F1-75DEA2DC9EF3}.Debug|Any CPU.Build.0 = Debug|Any CPU
		{B30CC618-85F8-4A63-B1F1-75DEA2DC9EF3}.Release|Any CPU.ActiveCfg = Release|Any CPU
		{B30CC618-85F8-4A63-B1F1-75DEA2DC9EF3}.Release|Any CPU.Build.0 = Release|Any CPU
		{6233D5AB-2730-469A-9C0B-34F32E563160}.Debug|Any CPU.ActiveCfg = Debug|Any CPU
		{6233D5AB-2730-469A-9C0B-34F32E563160}.Debug|Any CPU.Build.0 = Debug|Any CPU
		{6233D5AB-2730-469A-9C0B-34F32E563160}.Release|Any CPU.ActiveCfg = Release|Any CPU
		{6233D5AB-2730-469A-9C0B-34F32E563160}.Release|Any CPU.Build.0 = Release|Any CPU
	EndGlobalSection
	GlobalSection(SolutionProperties) = preSolution
		HideSolutionNode = FALSE
	EndGlobalSection
EndGlobal
