
Microsoft Visual Studio Solution File, Format Version 11.00
# Visual Studio 2010
Project("{FAE04EC0-301F-11D3-BF4B-00C04F79EFBC}") = "Rashim.RND.ManagedDiscovery.DiscoveryProxy", "Rashim.RND.ManagedDiscovery.DiscoveryProxy\Rashim.RND.ManagedDiscovery.DiscoveryProxy.csproj", "{AB4F078A-B27D-446A-9487-9184E61B14B0}"
EndProject
Project("{FAE04EC0-301F-11D3-BF4B-00C04F79EFBC}") = "Rashim.RND.ManagedDiscovery.Client", "Rashim.RND.ManagedDiscovery.Client\Rashim.RND.ManagedDiscovery.Client.csproj", "{3A8FAAB2-07EE-41A7-A3DF-12DAF533349A}"
EndProject
Project("{FAE04EC0-301F-11D3-BF4B-00C04F79EFBC}") = "Rashim.RND.ManagedDiscovery.Services", "Rashim.RND.ManagedDiscovery.DiscoverableService\Rashim.RND.ManagedDiscovery.Services.csproj", "{69FC0777-607E-44C2-9132-795933500AAD}"
EndProject
Project("{FAE04EC0-301F-11D3-BF4B-00C04F79EFBC}") = "Rashim.RND.ManagedDiscovery.ServiceHost", "Rashim.RND.ManagedDiscovery.ServiceHost\Rashim.RND.ManagedDiscovery.ServiceHost.csproj", "{CB42E7DA-9806-4E01-8EBA-BA968B0F52D6}"
EndProject
Global
	GlobalSection(SolutionConfigurationPlatforms) = preSolution
		Debug|Any CPU = Debug|Any CPU
		Debug|Mixed Platforms = Debug|Mixed Platforms
		Debug|x86 = Debug|x86
		Release|Any CPU = Release|Any CPU
		Release|Mixed Platforms = Release|Mixed Platforms
		Release|x86 = Release|x86
	EndGlobalSection
	GlobalSection(ProjectConfigurationPlatforms) = postSolution
		{AB4F078A-B27D-446A-9487-9184E61B14B0}.Debug|Any CPU.ActiveCfg = Debug|x86
		{AB4F078A-B27D-446A-9487-9184E61B14B0}.Debug|Mixed Platforms.ActiveCfg = Debug|x86
		{AB4F078A-B27D-446A-9487-9184E61B14B0}.Debug|Mixed Platforms.Build.0 = Debug|x86
		{AB4F078A-B27D-446A-9487-9184E61B14B0}.Debug|x86.ActiveCfg = Debug|x86
		{AB4F078A-B27D-446A-9487-9184E61B14B0}.Debug|x86.Build.0 = Debug|x86
		{AB4F078A-B27D-446A-9487-9184E61B14B0}.Release|Any CPU.ActiveCfg = Release|x86
		{AB4F078A-B27D-446A-9487-9184E61B14B0}.Release|Mixed Platforms.ActiveCfg = Release|x86
		{AB4F078A-B27D-446A-9487-9184E61B14B0}.Release|Mixed Platforms.Build.0 = Release|x86
		{AB4F078A-B27D-446A-9487-9184E61B14B0}.Release|x86.ActiveCfg = Release|x86
		{AB4F078A-B27D-446A-9487-9184E61B14B0}.Release|x86.Build.0 = Release|x86
		{3A8FAAB2-07EE-41A7-A3DF-12DAF533349A}.Debug|Any CPU.ActiveCfg = Debug|x86
		{3A8FAAB2-07EE-41A7-A3DF-12DAF533349A}.Debug|Mixed Platforms.ActiveCfg = Debug|x86
		{3A8FAAB2-07EE-41A7-A3DF-12DAF533349A}.Debug|Mixed Platforms.Build.0 = Debug|x86
		{3A8FAAB2-07EE-41A7-A3DF-12DAF533349A}.Debug|x86.ActiveCfg = Debug|x86
		{3A8FAAB2-07EE-41A7-A3DF-12DAF533349A}.Debug|x86.Build.0 = Debug|x86
		{3A8FAAB2-07EE-41A7-A3DF-12DAF533349A}.Release|Any CPU.ActiveCfg = Release|x86
		{3A8FAAB2-07EE-41A7-A3DF-12DAF533349A}.Release|Mixed Platforms.ActiveCfg = Release|x86
		{3A8FAAB2-07EE-41A7-A3DF-12DAF533349A}.Release|Mixed Platforms.Build.0 = Release|x86
		{3A8FAAB2-07EE-41A7-A3DF-12DAF533349A}.Release|x86.ActiveCfg = Release|x86
		{3A8FAAB2-07EE-41A7-A3DF-12DAF533349A}.Release|x86.Build.0 = Release|x86
		{69FC0777-607E-44C2-9132-795933500AAD}.Debug|Any CPU.ActiveCfg = Debug|Any CPU
		{69FC0777-607E-44C2-9132-795933500AAD}.Debug|Any CPU.Build.0 = Debug|Any CPU
		{69FC0777-607E-44C2-9132-795933500AAD}.Debug|Mixed Platforms.ActiveCfg = Debug|Any CPU
		{69FC0777-607E-44C2-9132-795933500AAD}.Debug|Mixed Platforms.Build.0 = Debug|Any CPU
		{69FC0777-607E-44C2-9132-795933500AAD}.Debug|x86.ActiveCfg = Debug|Any CPU
		{69FC0777-607E-44C2-9132-795933500AAD}.Release|Any CPU.ActiveCfg = Release|Any CPU
		{69FC0777-607E-44C2-9132-795933500AAD}.Release|Any CPU.Build.0 = Release|Any CPU
		{69FC0777-607E-44C2-9132-795933500AAD}.Release|Mixed Platforms.ActiveCfg = Release|Any CPU
		{69FC0777-607E-44C2-9132-795933500AAD}.Release|Mixed Platforms.Build.0 = Release|Any CPU
		{69FC0777-607E-44C2-9132-795933500AAD}.Release|x86.ActiveCfg = Release|Any CPU
		{CB42E7DA-9806-4E01-8EBA-BA968B0F52D6}.Debug|Any CPU.ActiveCfg = Debug|x86
		{CB42E7DA-9806-4E01-8EBA-BA968B0F52D6}.Debug|Mixed Platforms.ActiveCfg = Debug|x86
		{CB42E7DA-9806-4E01-8EBA-BA968B0F52D6}.Debug|Mixed Platforms.Build.0 = Debug|x86
		{CB42E7DA-9806-4E01-8EBA-BA968B0F52D6}.Debug|x86.ActiveCfg = Debug|x86
		{CB42E7DA-9806-4E01-8EBA-BA968B0F52D6}.Debug|x86.Build.0 = Debug|x86
		{CB42E7DA-9806-4E01-8EBA-BA968B0F52D6}.Release|Any CPU.ActiveCfg = Release|x86
		{CB42E7DA-9806-4E01-8EBA-BA968B0F52D6}.Release|Mixed Platforms.ActiveCfg = Release|x86
		{CB42E7DA-9806-4E01-8EBA-BA968B0F52D6}.Release|Mixed Platforms.Build.0 = Release|x86
		{CB42E7DA-9806-4E01-8EBA-BA968B0F52D6}.Release|x86.ActiveCfg = Release|x86
		{CB42E7DA-9806-4E01-8EBA-BA968B0F52D6}.Release|x86.Build.0 = Release|x86
	EndGlobalSection
	GlobalSection(SolutionProperties) = preSolution
		HideSolutionNode = FALSE
	EndGlobalSection
EndGlobal
