
Microsoft Visual Studio Solution File, Format Version 9.00
# Visual Studio 2005
Project("{FAE04EC0-301F-11D3-BF4B-00C04F79EFBC}") = "MetaDataEx", "MetaDataEx.csproj", "{B5B99E5E-4995-485E-B2AF-CC60ED01DF22}"
EndProject
Global
	GlobalSection(SolutionConfigurationPlatforms) = preSolution
		Debug|Any CPU = Debug|Any CPU
	EndGlobalSection
	GlobalSection(ProjectConfigurationPlatforms) = postSolution
		{B5B99E5E-4995-485E-B2AF-CC60ED01DF22}.Debug|Any CPU.ActiveCfg = Debug|Any CPU
		{B5B99E5E-4995-485E-B2AF-CC60ED01DF22}.Debug|Any CPU.Build.0 = Debug|Any CPU
	EndGlobalSection
	GlobalSection(SolutionProperties) = preSolution
		HideSolutionNode = FALSE
	EndGlobalSection
EndGlobal
