
Microsoft Visual Studio Solution File, Format Version 12.00
# Visual Studio Express 2013 for Windows Desktop
VisualStudioVersion = 12.0.21005.1
MinimumVisualStudioVersion = 10.0.40219.1
Project("{FAE04EC0-301F-11D3-BF4B-00C04F79EFBC}") = "CustomBinding", "CustomBinding.csproj", "{F2B569A1-3CDA-4758-8125-03B10F0DF908}"
EndProject
Project("{FAE04EC0-301F-11D3-BF4B-00C04F79EFBC}") = "BusinessEntities", "..\BusinessEntities\BusinessEntities.csproj", "{842DE20B-FB14-4235-BA17-D8F9EE6F10E2}"
EndProject
Project("{FAE04EC0-301F-11D3-BF4B-00C04F79EFBC}") = "CustomUI", "..\CustomUI\CustomUI.csproj", "{9084EC30-FD0F-462F-B488-8DA7B6ABEE68}"
EndProject
Global
	GlobalSection(TeamFoundationVersionControl) = preSolution
		SccNumberOfProjects = 4
		SccEnterpriseProvider = {4CA58AB2-18FA-4F8D-95D4-32DDF27D184C}
		SccTeamFoundationServer = http://hanauma:8080/tfs/defaultcollection
		SccLocalPath0 = .
		SccProjectUniqueName1 = CustomBinding.csproj
		SccLocalPath1 = .
		SccProjectUniqueName2 = ..\\BusinessEntities\\BusinessEntities.csproj
		SccProjectName2 = ../BusinessEntities
		SccLocalPath2 = ..\\BusinessEntities
		SccProjectUniqueName3 = ..\\CustomUI\\CustomUI.csproj
		SccProjectName3 = ../CustomUI
		SccLocalPath3 = ..\\CustomUI
	EndGlobalSection
	GlobalSection(SolutionConfigurationPlatforms) = preSolution
		Debug|Any CPU = Debug|Any CPU
		Release|Any CPU = Release|Any CPU
	EndGlobalSection
	GlobalSection(ProjectConfigurationPlatforms) = postSolution
		{F2B569A1-3CDA-4758-8125-03B10F0DF908}.Debug|Any CPU.ActiveCfg = Debug|Any CPU
		{F2B569A1-3CDA-4758-8125-03B10F0DF908}.Debug|Any CPU.Build.0 = Debug|Any CPU
		{F2B569A1-3CDA-4758-8125-03B10F0DF908}.Release|Any CPU.ActiveCfg = Release|Any CPU
		{F2B569A1-3CDA-4758-8125-03B10F0DF908}.Release|Any CPU.Build.0 = Release|Any CPU
		{842DE20B-FB14-4235-BA17-D8F9EE6F10E2}.Debug|Any CPU.ActiveCfg = Debug|Any CPU
		{842DE20B-FB14-4235-BA17-D8F9EE6F10E2}.Debug|Any CPU.Build.0 = Debug|Any CPU
		{842DE20B-FB14-4235-BA17-D8F9EE6F10E2}.Release|Any CPU.ActiveCfg = Release|Any CPU
		{842DE20B-FB14-4235-BA17-D8F9EE6F10E2}.Release|Any CPU.Build.0 = Release|Any CPU
		{9084EC30-FD0F-462F-B488-8DA7B6ABEE68}.Debug|Any CPU.ActiveCfg = Debug|Any CPU
		{9084EC30-FD0F-462F-B488-8DA7B6ABEE68}.Debug|Any CPU.Build.0 = Debug|Any CPU
		{9084EC30-FD0F-462F-B488-8DA7B6ABEE68}.Release|Any CPU.ActiveCfg = Release|Any CPU
		{9084EC30-FD0F-462F-B488-8DA7B6ABEE68}.Release|Any CPU.Build.0 = Release|Any CPU
	EndGlobalSection
	GlobalSection(SolutionProperties) = preSolution
		HideSolutionNode = FALSE
	EndGlobalSection
EndGlobal
