
Microsoft Visual Studio Solution File, Format Version 10.00
# Visual Studio 2008
Project("{FAE04EC0-301F-11D3-BF4B-00C04F79EFBC}") = "ImageListVisualizer", "ImageListVisualizer.csproj", "{2B2D2465-2157-49D3-BEB4-C679857AFCFE}"
EndProject
Project("{FAE04EC0-301F-11D3-BF4B-00C04F79EFBC}") = "Test", "Test\Test.csproj", "{01EF0DFE-BC9D-4547-9C1C-356DAF389F71}"
EndProject
Global
	GlobalSection(SolutionConfigurationPlatforms) = preSolution
		Debug|Any CPU = Debug|Any CPU
		Release|Any CPU = Release|Any CPU
	EndGlobalSection
	GlobalSection(ProjectConfigurationPlatforms) = postSolution
		{2B2D2465-2157-49D3-BEB4-C679857AFCFE}.Debug|Any CPU.ActiveCfg = Debug|Any CPU
		{2B2D2465-2157-49D3-BEB4-C679857AFCFE}.Debug|Any CPU.Build.0 = Debug|Any CPU
		{2B2D2465-2157-49D3-BEB4-C679857AFCFE}.Release|Any CPU.ActiveCfg = Release|Any CPU
		{2B2D2465-2157-49D3-BEB4-C679857AFCFE}.Release|Any CPU.Build.0 = Release|Any CPU
		{01EF0DFE-BC9D-4547-9C1C-356DAF389F71}.Debug|Any CPU.ActiveCfg = Debug|Any CPU
		{01EF0DFE-BC9D-4547-9C1C-356DAF389F71}.Debug|Any CPU.Build.0 = Debug|Any CPU
		{01EF0DFE-BC9D-4547-9C1C-356DAF389F71}.Release|Any CPU.ActiveCfg = Release|Any CPU
		{01EF0DFE-BC9D-4547-9C1C-356DAF389F71}.Release|Any CPU.Build.0 = Release|Any CPU
	EndGlobalSection
	GlobalSection(SolutionProperties) = preSolution
		HideSolutionNode = FALSE
	EndGlobalSection
EndGlobal
